
Microsoft Visual Studio Solution File, Format Version 12.00
# Visual Studio Version 17
VisualStudioVersion = 17.14.36301.6 d17.14
MinimumVisualStudioVersion = 10.0.40219.1
Project("{FAE04EC0-301F-11D3-BF4B-00C04F79EFBC}") = "BirthdaylistAPI", "BirthdaylistAPI\BirthdaylistAPI.csproj", "{A7267D11-8F63-4F60-8A71-1FA2014D8455}"
EndProject
Global
	GlobalSection(SolutionConfigurationPlatforms) = preSolution
		Debug|Any CPU = Debug|Any CPU
		Release|Any CPU = Release|Any CPU
	EndGlobalSection
	GlobalSection(ProjectConfigurationPlatforms) = postSolution
		{A7267D11-8F63-4F60-8A71-1FA2014D8455}.Debug|Any CPU.ActiveCfg = Debug|Any CPU
		{A7267D11-8F63-4F60-8A71-1FA2014D8455}.Debug|Any CPU.Build.0 = Debug|Any CPU
		{A7267D11-8F63-4F60-8A71-1FA2014D8455}.Release|Any CPU.ActiveCfg = Release|Any CPU
		{A7267D11-8F63-4F60-8A71-1FA2014D8455}.Release|Any CPU.Build.0 = Release|Any CPU
	EndGlobalSection
	GlobalSection(SolutionProperties) = preSolution
		HideSolutionNode = FALSE
	EndGlobalSection
	GlobalSection(ExtensibilityGlobals) = postSolution
		SolutionGuid = {DE15B4A8-1F25-443E-9016-1C293C276BFE}
	EndGlobalSection
EndGlobal
